
Microsoft Visual Studio Solution File, Format Version 12.00
# Visual Studio Version 16
VisualStudioVersion = 16.0.31410.357
MinimumVisualStudioVersion = 10.0.40219.1
Project("{FAE04EC0-301F-11D3-BF4B-00C04F79EFBC}") = "CleanAPI.API", "CleanAPI.API\CleanAPI.API.csproj", "{BAC4605C-E6E1-4C1D-9E09-5B6807D13EFF}"
EndProject
Project("{FAE04EC0-301F-11D3-BF4B-00C04F79EFBC}") = "CleanAPI.Core", "CleanAPI.Core\CleanAPI.Core.csproj", "{95792B8A-333D-4EA8-A771-F1DF936D1B4B}"
EndProject
Project("{FAE04EC0-301F-11D3-BF4B-00C04F79EFBC}") = "CleanAPI.Infrastructure", "CleanAPI.Infrastructure\CleanAPI.Infrastructure.csproj", "{826AAF9F-153F-48B5-B73B-325C70248C23}"
EndProject
Project("{2150E333-8FDC-42A3-9474-1A3956D46DE8}") = "Tests", "Tests", "{FDB95B10-B287-4EC9-9227-4A931B039233}"
EndProject
Project("{FAE04EC0-301F-11D3-BF4B-00C04F79EFBC}") = "CleanAPI.UnitTests", "CleanAPI.UnitTests\CleanAPI.UnitTests.csproj", "{95357DE3-FDB2-4FD8-8066-62B227B4F6A6}"
EndProject
Project("{FAE04EC0-301F-11D3-BF4B-00C04F79EFBC}") = "CleanAPI.IntegrationTests", "CleanAPI.IntegrationTests\CleanAPI.IntegrationTests.csproj", "{309E07E8-6381-4107-9A03-F0B9FF512E45}"
EndProject
Global
	GlobalSection(SolutionConfigurationPlatforms) = preSolution
		Debug|Any CPU = Debug|Any CPU
		Release|Any CPU = Release|Any CPU
	EndGlobalSection
	GlobalSection(ProjectConfigurationPlatforms) = postSolution
		{BAC4605C-E6E1-4C1D-9E09-5B6807D13EFF}.Debug|Any CPU.ActiveCfg = Debug|Any CPU
		{BAC4605C-E6E1-4C1D-9E09-5B6807D13EFF}.Debug|Any CPU.Build.0 = Debug|Any CPU
		{BAC4605C-E6E1-4C1D-9E09-5B6807D13EFF}.Release|Any CPU.ActiveCfg = Release|Any CPU
		{BAC4605C-E6E1-4C1D-9E09-5B6807D13EFF}.Release|Any CPU.Build.0 = Release|Any CPU
		{95792B8A-333D-4EA8-A771-F1DF936D1B4B}.Debug|Any CPU.ActiveCfg = Debug|Any CPU
		{95792B8A-333D-4EA8-A771-F1DF936D1B4B}.Debug|Any CPU.Build.0 = Debug|Any CPU
		{95792B8A-333D-4EA8-A771-F1DF936D1B4B}.Release|Any CPU.ActiveCfg = Release|Any CPU
		{95792B8A-333D-4EA8-A771-F1DF936D1B4B}.Release|Any CPU.Build.0 = Release|Any CPU
		{826AAF9F-153F-48B5-B73B-325C70248C23}.Debug|Any CPU.ActiveCfg = Debug|Any CPU
		{826AAF9F-153F-48B5-B73B-325C70248C23}.Debug|Any CPU.Build.0 = Debug|Any CPU
		{826AAF9F-153F-48B5-B73B-325C70248C23}.Release|Any CPU.ActiveCfg = Release|Any CPU
		{826AAF9F-153F-48B5-B73B-325C70248C23}.Release|Any CPU.Build.0 = Release|Any CPU
		{95357DE3-FDB2-4FD8-8066-62B227B4F6A6}.Debug|Any CPU.ActiveCfg = Debug|Any CPU
		{95357DE3-FDB2-4FD8-8066-62B227B4F6A6}.Debug|Any CPU.Build.0 = Debug|Any CPU
		{95357DE3-FDB2-4FD8-8066-62B227B4F6A6}.Release|Any CPU.ActiveCfg = Release|Any CPU
		{95357DE3-FDB2-4FD8-8066-62B227B4F6A6}.Release|Any CPU.Build.0 = Release|Any CPU
		{309E07E8-6381-4107-9A03-F0B9FF512E45}.Debug|Any CPU.ActiveCfg = Debug|Any CPU
		{309E07E8-6381-4107-9A03-F0B9FF512E45}.Debug|Any CPU.Build.0 = Debug|Any CPU
		{309E07E8-6381-4107-9A03-F0B9FF512E45}.Release|Any CPU.ActiveCfg = Release|Any CPU
		{309E07E8-6381-4107-9A03-F0B9FF512E45}.Release|Any CPU.Build.0 = Release|Any CPU
	EndGlobalSection
	GlobalSection(SolutionProperties) = preSolution
		HideSolutionNode = FALSE
	EndGlobalSection
	GlobalSection(NestedProjects) = preSolution
		{95357DE3-FDB2-4FD8-8066-62B227B4F6A6} = {FDB95B10-B287-4EC9-9227-4A931B039233}
		{309E07E8-6381-4107-9A03-F0B9FF512E45} = {FDB95B10-B287-4EC9-9227-4A931B039233}
	EndGlobalSection
	GlobalSection(ExtensibilityGlobals) = postSolution
		SolutionGuid = {D9433D3A-522D-4D36-BB7B-0B9CE8F785A0}
	EndGlobalSection
EndGlobal
